// !$*UTF8*$!
{
	archiveVersion = 1;
	classes = {
	};
	objectVersion = 56;
	objects = {

/* Begin PBXBuildFile section */
		4B3D91B52C95C6AB00D85549 /* AppDelegate.m in Sources */ = {isa = PBXBuildFile; fileRef = 4B3D91B42C95C6AB00D85549 /* AppDelegate.m */; };
		4B3D91BB2C95C6AB00D85549 /* ViewController.m in Sources */ = {isa = PBXBuildFile; fileRef = 4B3D91BA2C95C6AB00D85549 /* ViewController.m */; };
		4B3D91BE2C95C6AB00D85549 /* Base in Resources */ = {isa = PBXBuildFile; fileRef = 4B3D91BD2C95C6AB00D85549 /* Base */; };
		4B3D91C02C95C6AD00D85549 /* Assets.xcassets in Resources */ = {isa = PBXBuildFile; fileRef = 4B3D91BF2C95C6AD00D85549 /* Assets.xcassets */; };
		4B3D91C32C95C6AD00D85549 /* Base in Resources */ = {isa = PBXBuildFile; fileRef = 4B3D91C22C95C6AD00D85549 /* Base */; };
		4B3D91C62C95C6AD00D85549 /* main.m in Sources */ = {isa = PBXBuildFile; fileRef = 4B3D91C52C95C6AD00D85549 /* main.m */; };
		4B3D91DE2C99A23200D85549 /* HTBaseViewController.m in Sources */ = {isa = PBXBuildFile; fileRef = 4B3D91DD2C99A23200D85549 /* HTBaseViewController.m */; };
		4B3D91EE2C99A9BC00D85549 /* InfoPlist.strings in Resources */ = {isa = PBXBuildFile; fileRef = 4B3D91ED2C99A9BC00D85549 /* InfoPlist.strings */; };
		4B3D91F32C99A9C900D85549 /* Localizable.strings in Resources */ = {isa = PBXBuildFile; fileRef = 4B3D91F22C99A9C900D85549 /* Localizable.strings */; };
		4B3D920A2C9BB37700D85549 /* NSString+HTAdd.m in Sources */ = {isa = PBXBuildFile; fileRef = 4B3D92092C9BB37700D85549 /* NSString+HTAdd.m */; };
		4B3D920E2C9BB4CB00D85549 /* HTLanguageManager.m in Sources */ = {isa = PBXBuildFile; fileRef = 4B3D920D2C9BB4CB00D85549 /* HTLanguageManager.m */; };
		4B3D92142C9BBF6800D85549 /* MBProgressHUD+TH.m in Sources */ = {isa = PBXBuildFile; fileRef = 4B3D92132C9BBF6800D85549 /* MBProgressHUD+TH.m */; };
		4B3D92172C9BCE4A00D85549 /* NSDate+THAdd.m in Sources */ = {isa = PBXBuildFile; fileRef = 4B3D92162C9BCE4A00D85549 /* NSDate+THAdd.m */; };
		4B3D921B2C9C03E400D85549 /* THHomeViewController.m in Sources */ = {isa = PBXBuildFile; fileRef = 4B3D921A2C9C03E400D85549 /* THHomeViewController.m */; };
		4B3D921E2C9C042100D85549 /* THHomeVideoViewController.m in Sources */ = {isa = PBXBuildFile; fileRef = 4B3D921D2C9C042000D85549 /* THHomeVideoViewController.m */; };
		4B3D92212C9C044F00D85549 /* THHomeIPTVViewController.m in Sources */ = {isa = PBXBuildFile; fileRef = 4B3D92202C9C044F00D85549 /* THHomeIPTVViewController.m */; };
		4B3D92242C9C048100D85549 /* THHomeCartoonViewController.m in Sources */ = {isa = PBXBuildFile; fileRef = 4B3D92232C9C048100D85549 /* THHomeCartoonViewController.m */; };
		4B3D922B2C9C05A200D85549 /* HTUserInfoManager.m in Sources */ = {isa = PBXBuildFile; fileRef = 4B3D922A2C9C05A200D85549 /* HTUserInfoManager.m */; };
		4B3D922F2C9C0CA200D85549 /* HTHomeNavView.m in Sources */ = {isa = PBXBuildFile; fileRef = 4B3D922E2C9C0CA200D85549 /* HTHomeNavView.m */; };
		4B3D92322C9C0CC400D85549 /* HTHomeBannerView.m in Sources */ = {isa = PBXBuildFile; fileRef = 4B3D92312C9C0CC400D85549 /* HTHomeBannerView.m */; };
		4B3D92352C9C0D1400D85549 /* HTHomeSanCell.m in Sources */ = {isa = PBXBuildFile; fileRef = 4B3D92342C9C0D1400D85549 /* HTHomeSanCell.m */; };
		4B3D92382C9C0D6E00D85549 /* HTHomeVIPCell.m in Sources */ = {isa = PBXBuildFile; fileRef = 4B3D92372C9C0D6E00D85549 /* HTHomeVIPCell.m */; };
		4B3D923B2C9C0D7F00D85549 /* HTHomeAdvertisingCell.m in Sources */ = {isa = PBXBuildFile; fileRef = 4B3D923A2C9C0D7F00D85549 /* HTHomeAdvertisingCell.m */; };
		4B3D923E2C9C0D8C00D85549 /* HTHomeAdvertisingCloseCell.m in Sources */ = {isa = PBXBuildFile; fileRef = 4B3D923D2C9C0D8C00D85549 /* HTHomeAdvertisingCloseCell.m */; };
		4B3D92412C9C0DB800D85549 /* HTHomeRemoveCell.m in Sources */ = {isa = PBXBuildFile; fileRef = 4B3D92402C9C0DB800D85549 /* HTHomeRemoveCell.m */; };
		4B3D92442C9C0DE300D85549 /* HTHomeSectionHeader.m in Sources */ = {isa = PBXBuildFile; fileRef = 4B3D92432C9C0DE300D85549 /* HTHomeSectionHeader.m */; };
		4B3D92472C9C0EAC00D85549 /* HTHomeSanCellCell.m in Sources */ = {isa = PBXBuildFile; fileRef = 4B3D92462C9C0EAC00D85549 /* HTHomeSanCellCell.m */; };
		4B3D924A2C9C1B4C00D85549 /* UIView+THView.m in Sources */ = {isa = PBXBuildFile; fileRef = 4B3D92492C9C1B4C00D85549 /* UIView+THView.m */; };
		D88F9A7176034C704F71F330 /* libPods-AnimePlay.a in Frameworks */ = {isa = PBXBuildFile; fileRef = C29DAE29ECDD15F50A67E551 /* libPods-AnimePlay.a */; };
		FC1D3CC02C9AA3D600770380 /* HTHomeRootViewController.m in Sources */ = {isa = PBXBuildFile; fileRef = FC1D3CBF2C9AA3D600770380 /* HTHomeRootViewController.m */; };
		FC1D3CC32C9AA3FD00770380 /* HTBrowseViewController.m in Sources */ = {isa = PBXBuildFile; fileRef = FC1D3CC22C9AA3FD00770380 /* HTBrowseViewController.m */; };
		FC1D3CC62C9AA41600770380 /* HTMyLibraryViewController.m in Sources */ = {isa = PBXBuildFile; fileRef = FC1D3CC52C9AA41600770380 /* HTMyLibraryViewController.m */; };
		FC1D3CC92C9AA42F00770380 /* HTPremiumViewController.m in Sources */ = {isa = PBXBuildFile; fileRef = FC1D3CC82C9AA42F00770380 /* HTPremiumViewController.m */; };
		FC1D3CCC2C9AA47900770380 /* HTCustomTabBar.m in Sources */ = {isa = PBXBuildFile; fileRef = FC1D3CCB2C9AA47900770380 /* HTCustomTabBar.m */; };
		FC1D3CCF2C9AA4A200770380 /* HTTabBarController.m in Sources */ = {isa = PBXBuildFile; fileRef = FC1D3CCE2C9AA4A200770380 /* HTTabBarController.m */; };
		FC1D3CD22C9AA95900770380 /* HTNavigationViewController.m in Sources */ = {isa = PBXBuildFile; fileRef = FC1D3CD12C9AA95900770380 /* HTNavigationViewController.m */; };
		FC1D3CD62C9AA9DA00770380 /* UIImage+Category.m in Sources */ = {isa = PBXBuildFile; fileRef = FC1D3CD52C9AA9DA00770380 /* UIImage+Category.m */; };
		FC1D3D632C9AC77500770380 /* HTNetworkingTool.m in Sources */ = {isa = PBXBuildFile; fileRef = FC1D3D622C9AC77500770380 /* HTNetworkingTool.m */; };
		FC1D3D662C9AC8BD00770380 /* HTTools.m in Sources */ = {isa = PBXBuildFile; fileRef = FC1D3D652C9AC8BD00770380 /* HTTools.m */; };
		FC1D3D6A2C9ACB0000770380 /* HTVideoTool.m in Sources */ = {isa = PBXBuildFile; fileRef = FC1D3D692C9ACB0000770380 /* HTVideoTool.m */; };
		FC1D3D6D2C9ACE9100770380 /* HTFullViewController.m in Sources */ = {isa = PBXBuildFile; fileRef = FC1D3D6C2C9ACE9100770380 /* HTFullViewController.m */; };
		FC1D3D702C9AD00800770380 /* HTPlayerFailedView.m in Sources */ = {isa = PBXBuildFile; fileRef = FC1D3D6F2C9AD00800770380 /* HTPlayerFailedView.m */; };
		FC1D3D732C9AD0D500770380 /* HTPlayerLayerView.m in Sources */ = {isa = PBXBuildFile; fileRef = FC1D3D722C9AD0D500770380 /* HTPlayerLayerView.m */; };
		FC1D3D762C9AD13000770380 /* HTPlayerTitleView.m in Sources */ = {isa = PBXBuildFile; fileRef = FC1D3D752C9AD13000770380 /* HTPlayerTitleView.m */; };
		FC1D3D792C9AD21100770380 /* HTPlayerToolView.m in Sources */ = {isa = PBXBuildFile; fileRef = FC1D3D782C9AD21100770380 /* HTPlayerToolView.m */; };
		FC1D3D7C2C9AD24F00770380 /* HTProgressSlider.m in Sources */ = {isa = PBXBuildFile; fileRef = FC1D3D7B2C9AD24F00770380 /* HTProgressSlider.m */; };
		FC1D3D7F2C9AD28A00770380 /* HTVideoModel.m in Sources */ = {isa = PBXBuildFile; fileRef = FC1D3D7E2C9AD28A00770380 /* HTVideoModel.m */; };
		FC1D3D822C9AD4D200770380 /* HTPlayerView.m in Sources */ = {isa = PBXBuildFile; fileRef = FC1D3D812C9AD4D200770380 /* HTPlayerView.m */; };
/* End PBXBuildFile section */

/* Begin PBXFileReference section */
		4B3D91B02C95C6AB00D85549 /* AnimePlay.app */ = {isa = PBXFileReference; explicitFileType = wrapper.application; includeInIndex = 0; path = AnimePlay.app; sourceTree = BUILT_PRODUCTS_DIR; };
		4B3D91B32C95C6AB00D85549 /* AppDelegate.h */ = {isa = PBXFileReference; lastKnownFileType = sourcecode.c.h; path = AppDelegate.h; sourceTree = "<group>"; };
		4B3D91B42C95C6AB00D85549 /* AppDelegate.m */ = {isa = PBXFileReference; lastKnownFileType = sourcecode.c.objc; path = AppDelegate.m; sourceTree = "<group>"; };
		4B3D91B92C95C6AB00D85549 /* ViewController.h */ = {isa = PBXFileReference; lastKnownFileType = sourcecode.c.h; path = ViewController.h; sourceTree = "<group>"; };
		4B3D91BA2C95C6AB00D85549 /* ViewController.m */ = {isa = PBXFileReference; lastKnownFileType = sourcecode.c.objc; path = ViewController.m; sourceTree = "<group>"; };
		4B3D91BD2C95C6AB00D85549 /* Base */ = {isa = PBXFileReference; lastKnownFileType = file.storyboard; name = Base; path = Base.lproj/Main.storyboard; sourceTree = "<group>"; };
		4B3D91BF2C95C6AD00D85549 /* Assets.xcassets */ = {isa = PBXFileReference; lastKnownFileType = folder.assetcatalog; path = Assets.xcassets; sourceTree = "<group>"; };
		4B3D91C22C95C6AD00D85549 /* Base */ = {isa = PBXFileReference; lastKnownFileType = file.storyboard; name = Base; path = Base.lproj/LaunchScreen.storyboard; sourceTree = "<group>"; };
		4B3D91C42C95C6AD00D85549 /* Info.plist */ = {isa = PBXFileReference; lastKnownFileType = text.plist.xml; path = Info.plist; sourceTree = "<group>"; };
		4B3D91C52C95C6AD00D85549 /* main.m */ = {isa = PBXFileReference; lastKnownFileType = sourcecode.c.objc; path = main.m; sourceTree = "<group>"; };
		4B3D91DA2C99A09E00D85549 /* AnimePrefixHeader.pch */ = {isa = PBXFileReference; lastKnownFileType = sourcecode.c.h; path = AnimePrefixHeader.pch; sourceTree = "<group>"; };
		4B3D91DC2C99A23200D85549 /* HTBaseViewController.h */ = {isa = PBXFileReference; lastKnownFileType = sourcecode.c.h; path = HTBaseViewController.h; sourceTree = "<group>"; };
		4B3D91DD2C99A23200D85549 /* HTBaseViewController.m */ = {isa = PBXFileReference; lastKnownFileType = sourcecode.c.objc; path = HTBaseViewController.m; sourceTree = "<group>"; };
		4B3D91E22C99A37400D85549 /* HTCommonDefine.h */ = {isa = PBXFileReference; lastKnownFileType = sourcecode.c.h; path = HTCommonDefine.h; sourceTree = "<group>"; };
		4B3D91E32C99A7E000D85549 /* es */ = {isa = PBXFileReference; lastKnownFileType = text.plist.strings; name = es; path = es.lproj/Main.strings; sourceTree = "<group>"; };
		4B3D91E42C99A7E000D85549 /* es */ = {isa = PBXFileReference; lastKnownFileType = text.plist.strings; name = es; path = es.lproj/LaunchScreen.strings; sourceTree = "<group>"; };
		4B3D91E52C99A83300D85549 /* en-AU */ = {isa = PBXFileReference; lastKnownFileType = text.plist.strings; name = "en-AU"; path = "en-AU.lproj/Main.strings"; sourceTree = "<group>"; };
		4B3D91E62C99A83300D85549 /* en-AU */ = {isa = PBXFileReference; lastKnownFileType = text.plist.strings; name = "en-AU"; path = "en-AU.lproj/LaunchScreen.strings"; sourceTree = "<group>"; };
		4B3D91EC2C99A9BC00D85549 /* en */ = {isa = PBXFileReference; lastKnownFileType = text.plist.strings; name = en; path = en.lproj/InfoPlist.strings; sourceTree = "<group>"; };
		4B3D91F02C99A9C000D85549 /* es */ = {isa = PBXFileReference; lastKnownFileType = text.plist.strings; name = es; path = es.lproj/InfoPlist.strings; sourceTree = "<group>"; };
		4B3D91F12C99A9C900D85549 /* en */ = {isa = PBXFileReference; lastKnownFileType = text.plist.strings; name = en; path = en.lproj/Localizable.strings; sourceTree = "<group>"; };
		4B3D91F52C99A9CB00D85549 /* es */ = {isa = PBXFileReference; lastKnownFileType = text.plist.strings; name = es; path = es.lproj/Localizable.strings; sourceTree = "<group>"; };
		4B3D92082C9BB37700D85549 /* NSString+HTAdd.h */ = {isa = PBXFileReference; lastKnownFileType = sourcecode.c.h; path = "NSString+HTAdd.h"; sourceTree = "<group>"; };
		4B3D92092C9BB37700D85549 /* NSString+HTAdd.m */ = {isa = PBXFileReference; lastKnownFileType = sourcecode.c.objc; path = "NSString+HTAdd.m"; sourceTree = "<group>"; };
		4B3D920C2C9BB4CB00D85549 /* HTLanguageManager.h */ = {isa = PBXFileReference; lastKnownFileType = sourcecode.c.h; path = HTLanguageManager.h; sourceTree = "<group>"; };
		4B3D920D2C9BB4CB00D85549 /* HTLanguageManager.m */ = {isa = PBXFileReference; lastKnownFileType = sourcecode.c.objc; path = HTLanguageManager.m; sourceTree = "<group>"; };
		4B3D92122C9BBF6800D85549 /* MBProgressHUD+TH.h */ = {isa = PBXFileReference; lastKnownFileType = sourcecode.c.h; path = "MBProgressHUD+TH.h"; sourceTree = "<group>"; };
		4B3D92132C9BBF6800D85549 /* MBProgressHUD+TH.m */ = {isa = PBXFileReference; lastKnownFileType = sourcecode.c.objc; path = "MBProgressHUD+TH.m"; sourceTree = "<group>"; };
		4B3D92152C9BCE4A00D85549 /* NSDate+THAdd.h */ = {isa = PBXFileReference; lastKnownFileType = sourcecode.c.h; path = "NSDate+THAdd.h"; sourceTree = "<group>"; };
		4B3D92162C9BCE4A00D85549 /* NSDate+THAdd.m */ = {isa = PBXFileReference; lastKnownFileType = sourcecode.c.objc; path = "NSDate+THAdd.m"; sourceTree = "<group>"; };
		4B3D92192C9C03E400D85549 /* THHomeViewController.h */ = {isa = PBXFileReference; lastKnownFileType = sourcecode.c.h; path = THHomeViewController.h; sourceTree = "<group>"; };
		4B3D921A2C9C03E400D85549 /* THHomeViewController.m */ = {isa = PBXFileReference; lastKnownFileType = sourcecode.c.objc; path = THHomeViewController.m; sourceTree = "<group>"; };
		4B3D921C2C9C042000D85549 /* THHomeVideoViewController.h */ = {isa = PBXFileReference; lastKnownFileType = sourcecode.c.h; path = THHomeVideoViewController.h; sourceTree = "<group>"; };
		4B3D921D2C9C042000D85549 /* THHomeVideoViewController.m */ = {isa = PBXFileReference; lastKnownFileType = sourcecode.c.objc; path = THHomeVideoViewController.m; sourceTree = "<group>"; };
		4B3D921F2C9C044F00D85549 /* THHomeIPTVViewController.h */ = {isa = PBXFileReference; lastKnownFileType = sourcecode.c.h; path = THHomeIPTVViewController.h; sourceTree = "<group>"; };
		4B3D92202C9C044F00D85549 /* THHomeIPTVViewController.m */ = {isa = PBXFileReference; lastKnownFileType = sourcecode.c.objc; path = THHomeIPTVViewController.m; sourceTree = "<group>"; };
		4B3D92222C9C048100D85549 /* THHomeCartoonViewController.h */ = {isa = PBXFileReference; lastKnownFileType = sourcecode.c.h; path = THHomeCartoonViewController.h; sourceTree = "<group>"; };
		4B3D92232C9C048100D85549 /* THHomeCartoonViewController.m */ = {isa = PBXFileReference; lastKnownFileType = sourcecode.c.objc; path = THHomeCartoonViewController.m; sourceTree = "<group>"; };
		4B3D92292C9C05A200D85549 /* HTUserInfoManager.h */ = {isa = PBXFileReference; lastKnownFileType = sourcecode.c.h; path = HTUserInfoManager.h; sourceTree = "<group>"; };
		4B3D922A2C9C05A200D85549 /* HTUserInfoManager.m */ = {isa = PBXFileReference; lastKnownFileType = sourcecode.c.objc; path = HTUserInfoManager.m; sourceTree = "<group>"; };
		4B3D922D2C9C0CA200D85549 /* HTHomeNavView.h */ = {isa = PBXFileReference; lastKnownFileType = sourcecode.c.h; path = HTHomeNavView.h; sourceTree = "<group>"; };
		4B3D922E2C9C0CA200D85549 /* HTHomeNavView.m */ = {isa = PBXFileReference; lastKnownFileType = sourcecode.c.objc; path = HTHomeNavView.m; sourceTree = "<group>"; };
		4B3D92302C9C0CC400D85549 /* HTHomeBannerView.h */ = {isa = PBXFileReference; lastKnownFileType = sourcecode.c.h; path = HTHomeBannerView.h; sourceTree = "<group>"; };
		4B3D92312C9C0CC400D85549 /* HTHomeBannerView.m */ = {isa = PBXFileReference; lastKnownFileType = sourcecode.c.objc; path = HTHomeBannerView.m; sourceTree = "<group>"; };
		4B3D92332C9C0D1400D85549 /* HTHomeSanCell.h */ = {isa = PBXFileReference; lastKnownFileType = sourcecode.c.h; path = HTHomeSanCell.h; sourceTree = "<group>"; };
		4B3D92342C9C0D1400D85549 /* HTHomeSanCell.m */ = {isa = PBXFileReference; lastKnownFileType = sourcecode.c.objc; path = HTHomeSanCell.m; sourceTree = "<group>"; };
		4B3D92362C9C0D6E00D85549 /* HTHomeVIPCell.h */ = {isa = PBXFileReference; lastKnownFileType = sourcecode.c.h; path = HTHomeVIPCell.h; sourceTree = "<group>"; };
		4B3D92372C9C0D6E00D85549 /* HTHomeVIPCell.m */ = {isa = PBXFileReference; lastKnownFileType = sourcecode.c.objc; path = HTHomeVIPCell.m; sourceTree = "<group>"; };
		4B3D92392C9C0D7F00D85549 /* HTHomeAdvertisingCell.h */ = {isa = PBXFileReference; lastKnownFileType = sourcecode.c.h; path = HTHomeAdvertisingCell.h; sourceTree = "<group>"; };
		4B3D923A2C9C0D7F00D85549 /* HTHomeAdvertisingCell.m */ = {isa = PBXFileReference; lastKnownFileType = sourcecode.c.objc; path = HTHomeAdvertisingCell.m; sourceTree = "<group>"; };
		4B3D923C2C9C0D8C00D85549 /* HTHomeAdvertisingCloseCell.h */ = {isa = PBXFileReference; lastKnownFileType = sourcecode.c.h; path = HTHomeAdvertisingCloseCell.h; sourceTree = "<group>"; };
		4B3D923D2C9C0D8C00D85549 /* HTHomeAdvertisingCloseCell.m */ = {isa = PBXFileReference; lastKnownFileType = sourcecode.c.objc; path = HTHomeAdvertisingCloseCell.m; sourceTree = "<group>"; };
		4B3D923F2C9C0DB800D85549 /* HTHomeRemoveCell.h */ = {isa = PBXFileReference; lastKnownFileType = sourcecode.c.h; path = HTHomeRemoveCell.h; sourceTree = "<group>"; };
		4B3D92402C9C0DB800D85549 /* HTHomeRemoveCell.m */ = {isa = PBXFileReference; lastKnownFileType = sourcecode.c.objc; path = HTHomeRemoveCell.m; sourceTree = "<group>"; };
		4B3D92422C9C0DE300D85549 /* HTHomeSectionHeader.h */ = {isa = PBXFileReference; lastKnownFileType = sourcecode.c.h; path = HTHomeSectionHeader.h; sourceTree = "<group>"; };
		4B3D92432C9C0DE300D85549 /* HTHomeSectionHeader.m */ = {isa = PBXFileReference; lastKnownFileType = sourcecode.c.objc; path = HTHomeSectionHeader.m; sourceTree = "<group>"; };
		4B3D92452C9C0EAC00D85549 /* HTHomeSanCellCell.h */ = {isa = PBXFileReference; lastKnownFileType = sourcecode.c.h; path = HTHomeSanCellCell.h; sourceTree = "<group>"; };
		4B3D92462C9C0EAC00D85549 /* HTHomeSanCellCell.m */ = {isa = PBXFileReference; lastKnownFileType = sourcecode.c.objc; path = HTHomeSanCellCell.m; sourceTree = "<group>"; };
		4B3D92482C9C1B4C00D85549 /* UIView+THView.h */ = {isa = PBXFileReference; lastKnownFileType = sourcecode.c.h; path = "UIView+THView.h"; sourceTree = "<group>"; };
		4B3D92492C9C1B4C00D85549 /* UIView+THView.m */ = {isa = PBXFileReference; lastKnownFileType = sourcecode.c.objc; path = "UIView+THView.m"; sourceTree = "<group>"; };
		8DC50FC8A021154DF8FA8BC6 /* Pods-AnimePlay.release.xcconfig */ = {isa = PBXFileReference; includeInIndex = 1; lastKnownFileType = text.xcconfig; name = "Pods-AnimePlay.release.xcconfig"; path = "Target Support Files/Pods-AnimePlay/Pods-AnimePlay.release.xcconfig"; sourceTree = "<group>"; };
		C29DAE29ECDD15F50A67E551 /* libPods-AnimePlay.a */ = {isa = PBXFileReference; explicitFileType = archive.ar; includeInIndex = 0; path = "libPods-AnimePlay.a"; sourceTree = BUILT_PRODUCTS_DIR; };
		EE3A356ABF22AC872EB58369 /* Pods-AnimePlay.debug.xcconfig */ = {isa = PBXFileReference; includeInIndex = 1; lastKnownFileType = text.xcconfig; name = "Pods-AnimePlay.debug.xcconfig"; path = "Target Support Files/Pods-AnimePlay/Pods-AnimePlay.debug.xcconfig"; sourceTree = "<group>"; };
		FC1D3CBE2C9AA3D600770380 /* HTHomeRootViewController.h */ = {isa = PBXFileReference; lastKnownFileType = sourcecode.c.h; path = HTHomeRootViewController.h; sourceTree = "<group>"; };
		FC1D3CBF2C9AA3D600770380 /* HTHomeRootViewController.m */ = {isa = PBXFileReference; lastKnownFileType = sourcecode.c.objc; path = HTHomeRootViewController.m; sourceTree = "<group>"; };
		FC1D3CC12C9AA3FD00770380 /* HTBrowseViewController.h */ = {isa = PBXFileReference; lastKnownFileType = sourcecode.c.h; path = HTBrowseViewController.h; sourceTree = "<group>"; };
		FC1D3CC22C9AA3FD00770380 /* HTBrowseViewController.m */ = {isa = PBXFileReference; lastKnownFileType = sourcecode.c.objc; path = HTBrowseViewController.m; sourceTree = "<group>"; };
		FC1D3CC42C9AA41600770380 /* HTMyLibraryViewController.h */ = {isa = PBXFileReference; lastKnownFileType = sourcecode.c.h; path = HTMyLibraryViewController.h; sourceTree = "<group>"; };
		FC1D3CC52C9AA41600770380 /* HTMyLibraryViewController.m */ = {isa = PBXFileReference; lastKnownFileType = sourcecode.c.objc; path = HTMyLibraryViewController.m; sourceTree = "<group>"; };
		FC1D3CC72C9AA42F00770380 /* HTPremiumViewController.h */ = {isa = PBXFileReference; lastKnownFileType = sourcecode.c.h; path = HTPremiumViewController.h; sourceTree = "<group>"; };
		FC1D3CC82C9AA42F00770380 /* HTPremiumViewController.m */ = {isa = PBXFileReference; lastKnownFileType = sourcecode.c.objc; path = HTPremiumViewController.m; sourceTree = "<group>"; };
		FC1D3CCA2C9AA47900770380 /* HTCustomTabBar.h */ = {isa = PBXFileReference; lastKnownFileType = sourcecode.c.h; path = HTCustomTabBar.h; sourceTree = "<group>"; };
		FC1D3CCB2C9AA47900770380 /* HTCustomTabBar.m */ = {isa = PBXFileReference; lastKnownFileType = sourcecode.c.objc; path = HTCustomTabBar.m; sourceTree = "<group>"; };
		FC1D3CCD2C9AA4A200770380 /* HTTabBarController.h */ = {isa = PBXFileReference; lastKnownFileType = sourcecode.c.h; path = HTTabBarController.h; sourceTree = "<group>"; };
		FC1D3CCE2C9AA4A200770380 /* HTTabBarController.m */ = {isa = PBXFileReference; lastKnownFileType = sourcecode.c.objc; path = HTTabBarController.m; sourceTree = "<group>"; };
		FC1D3CD02C9AA95900770380 /* HTNavigationViewController.h */ = {isa = PBXFileReference; lastKnownFileType = sourcecode.c.h; path = HTNavigationViewController.h; sourceTree = "<group>"; };
		FC1D3CD12C9AA95900770380 /* HTNavigationViewController.m */ = {isa = PBXFileReference; lastKnownFileType = sourcecode.c.objc; path = HTNavigationViewController.m; sourceTree = "<group>"; };
		FC1D3CD42C9AA9DA00770380 /* UIImage+Category.h */ = {isa = PBXFileReference; lastKnownFileType = sourcecode.c.h; path = "UIImage+Category.h"; sourceTree = "<group>"; };
		FC1D3CD52C9AA9DA00770380 /* UIImage+Category.m */ = {isa = PBXFileReference; lastKnownFileType = sourcecode.c.objc; path = "UIImage+Category.m"; sourceTree = "<group>"; };
		FC1D3D612C9AC77500770380 /* HTNetworkingTool.h */ = {isa = PBXFileReference; lastKnownFileType = sourcecode.c.h; path = HTNetworkingTool.h; sourceTree = "<group>"; };
		FC1D3D622C9AC77500770380 /* HTNetworkingTool.m */ = {isa = PBXFileReference; lastKnownFileType = sourcecode.c.objc; path = HTNetworkingTool.m; sourceTree = "<group>"; };
		FC1D3D642C9AC8BD00770380 /* HTTools.h */ = {isa = PBXFileReference; lastKnownFileType = sourcecode.c.h; path = HTTools.h; sourceTree = "<group>"; };
		FC1D3D652C9AC8BD00770380 /* HTTools.m */ = {isa = PBXFileReference; lastKnownFileType = sourcecode.c.objc; path = HTTools.m; sourceTree = "<group>"; };
		FC1D3D682C9ACB0000770380 /* HTVideoTool.h */ = {isa = PBXFileReference; lastKnownFileType = sourcecode.c.h; path = HTVideoTool.h; sourceTree = "<group>"; };
		FC1D3D692C9ACB0000770380 /* HTVideoTool.m */ = {isa = PBXFileReference; lastKnownFileType = sourcecode.c.objc; path = HTVideoTool.m; sourceTree = "<group>"; };
		FC1D3D6B2C9ACE9100770380 /* HTFullViewController.h */ = {isa = PBXFileReference; lastKnownFileType = sourcecode.c.h; path = HTFullViewController.h; sourceTree = "<group>"; };
		FC1D3D6C2C9ACE9100770380 /* HTFullViewController.m */ = {isa = PBXFileReference; lastKnownFileType = sourcecode.c.objc; path = HTFullViewController.m; sourceTree = "<group>"; };
		FC1D3D6E2C9AD00800770380 /* HTPlayerFailedView.h */ = {isa = PBXFileReference; lastKnownFileType = sourcecode.c.h; path = HTPlayerFailedView.h; sourceTree = "<group>"; };
		FC1D3D6F2C9AD00800770380 /* HTPlayerFailedView.m */ = {isa = PBXFileReference; lastKnownFileType = sourcecode.c.objc; path = HTPlayerFailedView.m; sourceTree = "<group>"; };
		FC1D3D712C9AD0D500770380 /* HTPlayerLayerView.h */ = {isa = PBXFileReference; lastKnownFileType = sourcecode.c.h; path = HTPlayerLayerView.h; sourceTree = "<group>"; };
		FC1D3D722C9AD0D500770380 /* HTPlayerLayerView.m */ = {isa = PBXFileReference; lastKnownFileType = sourcecode.c.objc; path = HTPlayerLayerView.m; sourceTree = "<group>"; };
		FC1D3D742C9AD13000770380 /* HTPlayerTitleView.h */ = {isa = PBXFileReference; lastKnownFileType = sourcecode.c.h; path = HTPlayerTitleView.h; sourceTree = "<group>"; };
		FC1D3D752C9AD13000770380 /* HTPlayerTitleView.m */ = {isa = PBXFileReference; lastKnownFileType = sourcecode.c.objc; path = HTPlayerTitleView.m; sourceTree = "<group>"; };
		FC1D3D772C9AD21100770380 /* HTPlayerToolView.h */ = {isa = PBXFileReference; lastKnownFileType = sourcecode.c.h; path = HTPlayerToolView.h; sourceTree = "<group>"; };
		FC1D3D782C9AD21100770380 /* HTPlayerToolView.m */ = {isa = PBXFileReference; lastKnownFileType = sourcecode.c.objc; path = HTPlayerToolView.m; sourceTree = "<group>"; };
		FC1D3D7A2C9AD24F00770380 /* HTProgressSlider.h */ = {isa = PBXFileReference; lastKnownFileType = sourcecode.c.h; path = HTProgressSlider.h; sourceTree = "<group>"; };
		FC1D3D7B2C9AD24F00770380 /* HTProgressSlider.m */ = {isa = PBXFileReference; lastKnownFileType = sourcecode.c.objc; path = HTProgressSlider.m; sourceTree = "<group>"; };
		FC1D3D7D2C9AD28A00770380 /* HTVideoModel.h */ = {isa = PBXFileReference; lastKnownFileType = sourcecode.c.h; path = HTVideoModel.h; sourceTree = "<group>"; };
		FC1D3D7E2C9AD28A00770380 /* HTVideoModel.m */ = {isa = PBXFileReference; lastKnownFileType = sourcecode.c.objc; path = HTVideoModel.m; sourceTree = "<group>"; };
		FC1D3D802C9AD4D200770380 /* HTPlayerView.h */ = {isa = PBXFileReference; lastKnownFileType = sourcecode.c.h; path = HTPlayerView.h; sourceTree = "<group>"; };
		FC1D3D812C9AD4D200770380 /* HTPlayerView.m */ = {isa = PBXFileReference; lastKnownFileType = sourcecode.c.objc; path = HTPlayerView.m; sourceTree = "<group>"; };
/* End PBXFileReference section */

/* Begin PBXFrameworksBuildPhase section */
		4B3D91AD2C95C6AB00D85549 /* Frameworks */ = {
			isa = PBXFrameworksBuildPhase;
			buildActionMask = 2147483647;
			files = (
				D88F9A7176034C704F71F330 /* libPods-AnimePlay.a in Frameworks */,
			);
			runOnlyForDeploymentPostprocessing = 0;
		};
/* End PBXFrameworksBuildPhase section */

/* Begin PBXGroup section */
		36B01405B9ED94D450FCB787 /* Pods */ = {
			isa = PBXGroup;
			children = (
				EE3A356ABF22AC872EB58369 /* Pods-AnimePlay.debug.xcconfig */,
				8DC50FC8A021154DF8FA8BC6 /* Pods-AnimePlay.release.xcconfig */,
			);
			path = Pods;
			sourceTree = "<group>";
		};
		4B3D91A72C95C6AB00D85549 = {
			isa = PBXGroup;
			children = (
				4B3D91B22C95C6AB00D85549 /* AnimePlay */,
				4B3D91B12C95C6AB00D85549 /* Products */,
				36B01405B9ED94D450FCB787 /* Pods */,
				BEEC79522B1854B94F182AC6 /* Frameworks */,
			);
			sourceTree = "<group>";
		};
		4B3D91B12C95C6AB00D85549 /* Products */ = {
			isa = PBXGroup;
			children = (
				4B3D91B02C95C6AB00D85549 /* AnimePlay.app */,
			);
			name = Products;
			sourceTree = "<group>";
		};
		4B3D91B22C95C6AB00D85549 /* AnimePlay */ = {
			isa = PBXGroup;
			children = (
				4B3D91E72C99A91700D85549 /* Language */,
				4B3D91D62C999F1C00D85549 /* Anime */,
				4B3D91B32C95C6AB00D85549 /* AppDelegate.h */,
				4B3D91B42C95C6AB00D85549 /* AppDelegate.m */,
				4B3D91B92C95C6AB00D85549 /* ViewController.h */,
				4B3D91BA2C95C6AB00D85549 /* ViewController.m */,
				4B3D91BC2C95C6AB00D85549 /* Main.storyboard */,
				4B3D91C12C95C6AD00D85549 /* LaunchScreen.storyboard */,
				4B3D91C42C95C6AD00D85549 /* Info.plist */,
				4B3D91C52C95C6AD00D85549 /* main.m */,
				4B3D91DA2C99A09E00D85549 /* AnimePrefixHeader.pch */,
			);
			path = AnimePlay;
			sourceTree = "<group>";
		};
		4B3D91CD2C999F1C00D85549 /* Controller */ = {
			isa = PBXGroup;
			children = (
				4B3D91DC2C99A23200D85549 /* HTBaseViewController.h */,
				4B3D91DD2C99A23200D85549 /* HTBaseViewController.m */,
			);
			path = Controller;
			sourceTree = "<group>";
		};
		4B3D91CE2C999F1C00D85549 /* Base */ = {
			isa = PBXGroup;
			children = (
				4B3D91CD2C999F1C00D85549 /* Controller */,
				FC1D3CD02C9AA95900770380 /* HTNavigationViewController.h */,
				FC1D3CD12C9AA95900770380 /* HTNavigationViewController.m */,
			);
			path = Base;
			sourceTree = "<group>";
		};
		4B3D91D02C999F1C00D85549 /* Constant */ = {
			isa = PBXGroup;
			children = (
			);
			path = Constant;
			sourceTree = "<group>";
		};
		4B3D91D22C999F1C00D85549 /* Others */ = {
			isa = PBXGroup;
			children = (
				4B3D91DB2C99A1CE00D85549 /* Color */,
				4B3D91E22C99A37400D85549 /* HTCommonDefine.h */,
			);
			path = Others;
			sourceTree = "<group>";
		};
		4B3D91D42C999F1C00D85549 /* Service */ = {
			isa = PBXGroup;
			children = (
			);
			path = Service;
			sourceTree = "<group>";
		};
		4B3D91D62C999F1C00D85549 /* Anime */ = {
			isa = PBXGroup;
			children = (
				4B3D92182C9C029700D85549 /* Resource */,
				4B3D920B2C9BB48E00D85549 /* Manager */,
				FC1D3D602C9AC75F00770380 /* Networking */,
				FC1D3CD32C9AA9BC00770380 /* Category */,
				FC1D3CB92C9AA26600770380 /* Tabbar */,
				FC1D3CB82C9AA24000770380 /* Modules */,
				4B3D91CE2C999F1C00D85549 /* Base */,
				4B3D91D02C999F1C00D85549 /* Constant */,
				4B3D91D22C999F1C00D85549 /* Others */,
				4B3D91D42C999F1C00D85549 /* Service */,
			);
			path = Anime;
			sourceTree = "<group>";
		};
		4B3D91DB2C99A1CE00D85549 /* Color */ = {
			isa = PBXGroup;
			children = (
			);
			path = Color;
			sourceTree = "<group>";
		};
		4B3D91E72C99A91700D85549 /* Language */ = {
			isa = PBXGroup;
			children = (
				4B3D91ED2C99A9BC00D85549 /* InfoPlist.strings */,
				4B3D91F22C99A9C900D85549 /* Localizable.strings */,
			);
			path = Language;
			sourceTree = "<group>";
		};
		4B3D920B2C9BB48E00D85549 /* Manager */ = {
			isa = PBXGroup;
			children = (
				4B3D920C2C9BB4CB00D85549 /* HTLanguageManager.h */,
				4B3D920D2C9BB4CB00D85549 /* HTLanguageManager.m */,
				4B3D92292C9C05A200D85549 /* HTUserInfoManager.h */,
				4B3D922A2C9C05A200D85549 /* HTUserInfoManager.m */,
			);
			path = Manager;
			sourceTree = "<group>";
		};
		4B3D92182C9C029700D85549 /* Resource */ = {
			isa = PBXGroup;
			children = (
				4B3D91BF2C95C6AD00D85549 /* Assets.xcassets */,
			);
			path = Resource;
			sourceTree = "<group>";
		};
		4B3D92252C9C052600D85549 /* QuantityIPTV */ = {
			isa = PBXGroup;
			children = (
				4B3D921F2C9C044F00D85549 /* THHomeIPTVViewController.h */,
				4B3D92202C9C044F00D85549 /* THHomeIPTVViewController.m */,
			);
			path = QuantityIPTV;
			sourceTree = "<group>";
		};
		4B3D92262C9C052600D85549 /* QuantityVideo */ = {
			isa = PBXGroup;
			children = (
				4B3D921C2C9C042000D85549 /* THHomeVideoViewController.h */,
				4B3D921D2C9C042000D85549 /* THHomeVideoViewController.m */,
			);
			path = QuantityVideo;
			sourceTree = "<group>";
		};
		4B3D92272C9C052600D85549 /* UndirectedQuantity */ = {
			isa = PBXGroup;
			children = (
				4B3D92192C9C03E400D85549 /* THHomeViewController.h */,
				4B3D921A2C9C03E400D85549 /* THHomeViewController.m */,
			);
			path = UndirectedQuantity;
			sourceTree = "<group>";
		};
		4B3D92282C9C052600D85549 /* QuantityCartoon */ = {
			isa = PBXGroup;
			children = (
				4B3D92222C9C048100D85549 /* THHomeCartoonViewController.h */,
				4B3D92232C9C048100D85549 /* THHomeCartoonViewController.m */,
			);
			path = QuantityCartoon;
			sourceTree = "<group>";
		};
		4B3D922C2C9C0C8200D85549 /* View */ = {
			isa = PBXGroup;
			children = (
				4B3D922D2C9C0CA200D85549 /* HTHomeNavView.h */,
				4B3D922E2C9C0CA200D85549 /* HTHomeNavView.m */,
				4B3D92302C9C0CC400D85549 /* HTHomeBannerView.h */,
				4B3D92312C9C0CC400D85549 /* HTHomeBannerView.m */,
				4B3D92332C9C0D1400D85549 /* HTHomeSanCell.h */,
				4B3D92342C9C0D1400D85549 /* HTHomeSanCell.m */,
				4B3D92452C9C0EAC00D85549 /* HTHomeSanCellCell.h */,
				4B3D92462C9C0EAC00D85549 /* HTHomeSanCellCell.m */,
				4B3D92362C9C0D6E00D85549 /* HTHomeVIPCell.h */,
				4B3D92372C9C0D6E00D85549 /* HTHomeVIPCell.m */,
				4B3D92392C9C0D7F00D85549 /* HTHomeAdvertisingCell.h */,
				4B3D923A2C9C0D7F00D85549 /* HTHomeAdvertisingCell.m */,
				4B3D923C2C9C0D8C00D85549 /* HTHomeAdvertisingCloseCell.h */,
				4B3D923D2C9C0D8C00D85549 /* HTHomeAdvertisingCloseCell.m */,
				4B3D923F2C9C0DB800D85549 /* HTHomeRemoveCell.h */,
				4B3D92402C9C0DB800D85549 /* HTHomeRemoveCell.m */,
				4B3D92422C9C0DE300D85549 /* HTHomeSectionHeader.h */,
				4B3D92432C9C0DE300D85549 /* HTHomeSectionHeader.m */,
			);
			path = View;
			sourceTree = "<group>";
		};
		BEEC79522B1854B94F182AC6 /* Frameworks */ = {
			isa = PBXGroup;
			children = (
				C29DAE29ECDD15F50A67E551 /* libPods-AnimePlay.a */,
			);
			name = Frameworks;
			sourceTree = "<group>";
		};
		FC1D3CB82C9AA24000770380 /* Modules */ = {
			isa = PBXGroup;
			children = (
				FC1D3D672C9ACAB000770380 /* Video */,
				FC1D3CBC2C9AA39F00770380 /* Browse */,
				FC1D3CBD2C9AA39F00770380 /* Home */,
				FC1D3CBB2C9AA39E00770380 /* MyLibrary */,
				FC1D3CBA2C9AA39E00770380 /* Premium */,
			);
			path = Modules;
			sourceTree = "<group>";
		};
		FC1D3CB92C9AA26600770380 /* Tabbar */ = {
			isa = PBXGroup;
			children = (
				FC1D3CCA2C9AA47900770380 /* HTCustomTabBar.h */,
				FC1D3CCB2C9AA47900770380 /* HTCustomTabBar.m */,
				FC1D3CCD2C9AA4A200770380 /* HTTabBarController.h */,
				FC1D3CCE2C9AA4A200770380 /* HTTabBarController.m */,
			);
			path = Tabbar;
			sourceTree = "<group>";
		};
		FC1D3CBA2C9AA39E00770380 /* Premium */ = {
			isa = PBXGroup;
			children = (
				FC1D3CC72C9AA42F00770380 /* HTPremiumViewController.h */,
				FC1D3CC82C9AA42F00770380 /* HTPremiumViewController.m */,
			);
			path = Premium;
			sourceTree = "<group>";
		};
		FC1D3CBB2C9AA39E00770380 /* MyLibrary */ = {
			isa = PBXGroup;
			children = (
				FC1D3CC42C9AA41600770380 /* HTMyLibraryViewController.h */,
				FC1D3CC52C9AA41600770380 /* HTMyLibraryViewController.m */,
			);
			path = MyLibrary;
			sourceTree = "<group>";
		};
		FC1D3CBC2C9AA39F00770380 /* Browse */ = {
			isa = PBXGroup;
			children = (
				FC1D3CC12C9AA3FD00770380 /* HTBrowseViewController.h */,
				FC1D3CC22C9AA3FD00770380 /* HTBrowseViewController.m */,
			);
			path = Browse;
			sourceTree = "<group>";
		};
		FC1D3CBD2C9AA39F00770380 /* Home */ = {
			isa = PBXGroup;
			children = (
				4B3D922C2C9C0C8200D85549 /* View */,
				4B3D92282C9C052600D85549 /* QuantityCartoon */,
				4B3D92252C9C052600D85549 /* QuantityIPTV */,
				4B3D92262C9C052600D85549 /* QuantityVideo */,
				4B3D92272C9C052600D85549 /* UndirectedQuantity */,
				FC1D3CBE2C9AA3D600770380 /* HTHomeRootViewController.h */,
				FC1D3CBF2C9AA3D600770380 /* HTHomeRootViewController.m */,
			);
			path = Home;
			sourceTree = "<group>";
		};
		FC1D3CD32C9AA9BC00770380 /* Category */ = {
			isa = PBXGroup;
			children = (
				FC1D3CD42C9AA9DA00770380 /* UIImage+Category.h */,
				FC1D3CD52C9AA9DA00770380 /* UIImage+Category.m */,
				4B3D92082C9BB37700D85549 /* NSString+HTAdd.h */,
				4B3D92092C9BB37700D85549 /* NSString+HTAdd.m */,
				4B3D92122C9BBF6800D85549 /* MBProgressHUD+TH.h */,
				4B3D92132C9BBF6800D85549 /* MBProgressHUD+TH.m */,
				4B3D92152C9BCE4A00D85549 /* NSDate+THAdd.h */,
				4B3D92162C9BCE4A00D85549 /* NSDate+THAdd.m */,
				4B3D92482C9C1B4C00D85549 /* UIView+THView.h */,
				4B3D92492C9C1B4C00D85549 /* UIView+THView.m */,
			);
			path = Category;
			sourceTree = "<group>";
		};
		FC1D3D602C9AC75F00770380 /* Networking */ = {
			isa = PBXGroup;
			children = (
				FC1D3D612C9AC77500770380 /* HTNetworkingTool.h */,
				FC1D3D622C9AC77500770380 /* HTNetworkingTool.m */,
				FC1D3D642C9AC8BD00770380 /* HTTools.h */,
				FC1D3D652C9AC8BD00770380 /* HTTools.m */,
			);
			path = Networking;
			sourceTree = "<group>";
		};
		FC1D3D672C9ACAB000770380 /* Video */ = {
			isa = PBXGroup;
			children = (
				FC1D3D682C9ACB0000770380 /* HTVideoTool.h */,
				FC1D3D692C9ACB0000770380 /* HTVideoTool.m */,
				FC1D3D6B2C9ACE9100770380 /* HTFullViewController.h */,
				FC1D3D6C2C9ACE9100770380 /* HTFullViewController.m */,
				FC1D3D6E2C9AD00800770380 /* HTPlayerFailedView.h */,
				FC1D3D6F2C9AD00800770380 /* HTPlayerFailedView.m */,
				FC1D3D712C9AD0D500770380 /* HTPlayerLayerView.h */,
				FC1D3D722C9AD0D500770380 /* HTPlayerLayerView.m */,
				FC1D3D742C9AD13000770380 /* HTPlayerTitleView.h */,
				FC1D3D752C9AD13000770380 /* HTPlayerTitleView.m */,
				FC1D3D772C9AD21100770380 /* HTPlayerToolView.h */,
				FC1D3D782C9AD21100770380 /* HTPlayerToolView.m */,
				FC1D3D7A2C9AD24F00770380 /* HTProgressSlider.h */,
				FC1D3D7B2C9AD24F00770380 /* HTProgressSlider.m */,
				FC1D3D7D2C9AD28A00770380 /* HTVideoModel.h */,
				FC1D3D7E2C9AD28A00770380 /* HTVideoModel.m */,
				FC1D3D802C9AD4D200770380 /* HTPlayerView.h */,
				FC1D3D812C9AD4D200770380 /* HTPlayerView.m */,
			);
			path = Video;
			sourceTree = "<group>";
		};
/* End PBXGroup section */

/* Begin PBXNativeTarget section */
		4B3D91AF2C95C6AB00D85549 /* AnimePlay */ = {
			isa = PBXNativeTarget;
			buildConfigurationList = 4B3D91C92C95C6AD00D85549 /* Build configuration list for PBXNativeTarget "AnimePlay" */;
			buildPhases = (
				6030CC3C2CAD8672F0E8561F /* [CP] Check Pods Manifest.lock */,
				4B3D91AC2C95C6AB00D85549 /* Sources */,
				4B3D91AD2C95C6AB00D85549 /* Frameworks */,
				4B3D91AE2C95C6AB00D85549 /* Resources */,
				A77EA3B44E7B67096AF1F613 /* [CP] Copy Pods Resources */,
			);
			buildRules = (
			);
			dependencies = (
			);
			name = AnimePlay;
			productName = AnimePlay;
			productReference = 4B3D91B02C95C6AB00D85549 /* AnimePlay.app */;
			productType = "com.apple.product-type.application";
		};
/* End PBXNativeTarget section */

/* Begin PBXProject section */
		4B3D91A82C95C6AB00D85549 /* Project object */ = {
			isa = PBXProject;
			attributes = {
				BuildIndependentTargetsInParallel = 1;
				LastUpgradeCheck = 1540;
				TargetAttributes = {
					4B3D91AF2C95C6AB00D85549 = {
						CreatedOnToolsVersion = 15.4;
					};
				};
			};
			buildConfigurationList = 4B3D91AB2C95C6AB00D85549 /* Build configuration list for PBXProject "AnimePlay" */;
			compatibilityVersion = "Xcode 14.0";
			developmentRegion = en;
			hasScannedForEncodings = 0;
			knownRegions = (
				en,
				Base,
				es,
				"en-AU",
			);
			mainGroup = 4B3D91A72C95C6AB00D85549;
			productRefGroup = 4B3D91B12C95C6AB00D85549 /* Products */;
			projectDirPath = "";
			projectRoot = "";
			targets = (
				4B3D91AF2C95C6AB00D85549 /* AnimePlay */,
			);
		};
/* End PBXProject section */

/* Begin PBXResourcesBuildPhase section */
		4B3D91AE2C95C6AB00D85549 /* Resources */ = {
			isa = PBXResourcesBuildPhase;
			buildActionMask = 2147483647;
			files = (
				4B3D91F32C99A9C900D85549 /* Localizable.strings in Resources */,
				4B3D91C02C95C6AD00D85549 /* Assets.xcassets in Resources */,
				4B3D91EE2C99A9BC00D85549 /* InfoPlist.strings in Resources */,
				4B3D91C32C95C6AD00D85549 /* Base in Resources */,
				4B3D91BE2C95C6AB00D85549 /* Base in Resources */,
			);
			runOnlyForDeploymentPostprocessing = 0;
		};
/* End PBXResourcesBuildPhase section */

/* Begin PBXShellScriptBuildPhase section */
		6030CC3C2CAD8672F0E8561F /* [CP] Check Pods Manifest.lock */ = {
			isa = PBXShellScriptBuildPhase;
			buildActionMask = 2147483647;
			files = (
			);
			inputFileListPaths = (
			);
			inputPaths = (
				"${PODS_PODFILE_DIR_PATH}/Podfile.lock",
				"${PODS_ROOT}/Manifest.lock",
			);
			name = "[CP] Check Pods Manifest.lock";
			outputFileListPaths = (
			);
			outputPaths = (
				"$(DERIVED_FILE_DIR)/Pods-AnimePlay-checkManifestLockResult.txt",
			);
			runOnlyForDeploymentPostprocessing = 0;
			shellPath = /bin/sh;
			shellScript = "diff \"${PODS_PODFILE_DIR_PATH}/Podfile.lock\" \"${PODS_ROOT}/Manifest.lock\" > /dev/null\nif [ $? != 0 ] ; then\n    # print error to STDERR\n    echo \"error: The sandbox is not in sync with the Podfile.lock. Run 'pod install' or update your CocoaPods installation.\" >&2\n    exit 1\nfi\n# This output is used by Xcode 'outputs' to avoid re-running this script phase.\necho \"SUCCESS\" > \"${SCRIPT_OUTPUT_FILE_0}\"\n";
			showEnvVarsInLog = 0;
		};
		A77EA3B44E7B67096AF1F613 /* [CP] Copy Pods Resources */ = {
			isa = PBXShellScriptBuildPhase;
			buildActionMask = 2147483647;
			files = (
			);
			inputFileListPaths = (
				"${PODS_ROOT}/Target Support Files/Pods-AnimePlay/Pods-AnimePlay-resources-${CONFIGURATION}-input-files.xcfilelist",
			);
			name = "[CP] Copy Pods Resources";
			outputFileListPaths = (
				"${PODS_ROOT}/Target Support Files/Pods-AnimePlay/Pods-AnimePlay-resources-${CONFIGURATION}-output-files.xcfilelist",
			);
			runOnlyForDeploymentPostprocessing = 0;
			shellPath = /bin/sh;
			shellScript = "\"${PODS_ROOT}/Target Support Files/Pods-AnimePlay/Pods-AnimePlay-resources.sh\"\n";
			showEnvVarsInLog = 0;
		};
/* End PBXShellScriptBuildPhase section */

/* Begin PBXSourcesBuildPhase section */
		4B3D91AC2C95C6AB00D85549 /* Sources */ = {
			isa = PBXSourcesBuildPhase;
			buildActionMask = 2147483647;
			files = (
				FC1D3CCC2C9AA47900770380 /* HTCustomTabBar.m in Sources */,
				4B3D921B2C9C03E400D85549 /* THHomeViewController.m in Sources */,
				4B3D923B2C9C0D7F00D85549 /* HTHomeAdvertisingCell.m in Sources */,
				FC1D3CC92C9AA42F00770380 /* HTPremiumViewController.m in Sources */,
				4B3D91BB2C95C6AB00D85549 /* ViewController.m in Sources */,
				4B3D924A2C9C1B4C00D85549 /* UIView+THView.m in Sources */,
				FC1D3D7C2C9AD24F00770380 /* HTProgressSlider.m in Sources */,
				4B3D91B52C95C6AB00D85549 /* AppDelegate.m in Sources */,
				4B3D92412C9C0DB800D85549 /* HTHomeRemoveCell.m in Sources */,
				4B3D92212C9C044F00D85549 /* THHomeIPTVViewController.m in Sources */,
				4B3D92142C9BBF6800D85549 /* MBProgressHUD+TH.m in Sources */,
				FC1D3CD22C9AA95900770380 /* HTNavigationViewController.m in Sources */,
				FC1D3CC32C9AA3FD00770380 /* HTBrowseViewController.m in Sources */,
				4B3D921E2C9C042100D85549 /* THHomeVideoViewController.m in Sources */,
				FC1D3D822C9AD4D200770380 /* HTPlayerView.m in Sources */,
				FC1D3D7F2C9AD28A00770380 /* HTVideoModel.m in Sources */,
				4B3D923E2C9C0D8C00D85549 /* HTHomeAdvertisingCloseCell.m in Sources */,
				4B3D920E2C9BB4CB00D85549 /* HTLanguageManager.m in Sources */,
				FC1D3CCF2C9AA4A200770380 /* HTTabBarController.m in Sources */,
				FC1D3D792C9AD21100770380 /* HTPlayerToolView.m in Sources */,
				4B3D922B2C9C05A200D85549 /* HTUserInfoManager.m in Sources */,
				4B3D920A2C9BB37700D85549 /* NSString+HTAdd.m in Sources */,
				4B3D92382C9C0D6E00D85549 /* HTHomeVIPCell.m in Sources */,
				4B3D922F2C9C0CA200D85549 /* HTHomeNavView.m in Sources */,
				FC1D3D6A2C9ACB0000770380 /* HTVideoTool.m in Sources */,
				FC1D3D662C9AC8BD00770380 /* HTTools.m in Sources */,
				4B3D92172C9BCE4A00D85549 /* NSDate+THAdd.m in Sources */,
				FC1D3D762C9AD13000770380 /* HTPlayerTitleView.m in Sources */,
				4B3D92322C9C0CC400D85549 /* HTHomeBannerView.m in Sources */,
				4B3D92472C9C0EAC00D85549 /* HTHomeSanCellCell.m in Sources */,
				4B3D91C62C95C6AD00D85549 /* main.m in Sources */,
				FC1D3CC62C9AA41600770380 /* HTMyLibraryViewController.m in Sources */,
				FC1D3D732C9AD0D500770380 /* HTPlayerLayerView.m in Sources */,
				FC1D3D632C9AC77500770380 /* HTNetworkingTool.m in Sources */,
				FC1D3CC02C9AA3D600770380 /* HTHomeRootViewController.m in Sources */,
				4B3D91DE2C99A23200D85549 /* HTBaseViewController.m in Sources */,
				FC1D3CD62C9AA9DA00770380 /* UIImage+Category.m in Sources */,
				4B3D92442C9C0DE300D85549 /* HTHomeSectionHeader.m in Sources */,
				4B3D92242C9C048100D85549 /* THHomeCartoonViewController.m in Sources */,
				FC1D3D6D2C9ACE9100770380 /* HTFullViewController.m in Sources */,
				FC1D3D702C9AD00800770380 /* HTPlayerFailedView.m in Sources */,
				4B3D92352C9C0D1400D85549 /* HTHomeSanCell.m in Sources */,
			);
			runOnlyForDeploymentPostprocessing = 0;
		};
/* End PBXSourcesBuildPhase section */

/* Begin PBXVariantGroup section */
		4B3D91BC2C95C6AB00D85549 /* Main.storyboard */ = {
			isa = PBXVariantGroup;
			children = (
				4B3D91BD2C95C6AB00D85549 /* Base */,
				4B3D91E32C99A7E000D85549 /* es */,
				4B3D91E52C99A83300D85549 /* en-AU */,
			);
			name = Main.storyboard;
			sourceTree = "<group>";
		};
		4B3D91C12C95C6AD00D85549 /* LaunchScreen.storyboard */ = {
			isa = PBXVariantGroup;
			children = (
				4B3D91C22C95C6AD00D85549 /* Base */,
				4B3D91E42C99A7E000D85549 /* es */,
				4B3D91E62C99A83300D85549 /* en-AU */,
			);
			name = LaunchScreen.storyboard;
			sourceTree = "<group>";
		};
		4B3D91ED2C99A9BC00D85549 /* InfoPlist.strings */ = {
			isa = PBXVariantGroup;
			children = (
				4B3D91EC2C99A9BC00D85549 /* en */,
				4B3D91F02C99A9C000D85549 /* es */,
			);
			name = InfoPlist.strings;
			sourceTree = "<group>";
		};
		4B3D91F22C99A9C900D85549 /* Localizable.strings */ = {
			isa = PBXVariantGroup;
			children = (
				4B3D91F12C99A9C900D85549 /* en */,
				4B3D91F52C99A9CB00D85549 /* es */,
			);
			name = Localizable.strings;
			sourceTree = "<group>";
		};
/* End PBXVariantGroup section */

/* Begin XCBuildConfiguration section */
		4B3D91C72C95C6AD00D85549 /* Debug */ = {
			isa = XCBuildConfiguration;
			buildSettings = {
				ALWAYS_SEARCH_USER_PATHS = NO;
				ASSETCATALOG_COMPILER_GENERATE_SWIFT_ASSET_SYMBOL_EXTENSIONS = YES;
				CLANG_ANALYZER_LOCALIZABILITY_NONLOCALIZED = YES;
				CLANG_ANALYZER_NONNULL = YES;
				CLANG_ANALYZER_NUMBER_OBJECT_CONVERSION = YES_AGGRESSIVE;
				CLANG_CXX_LANGUAGE_STANDARD = "gnu++20";
				CLANG_ENABLE_MODULES = YES;
				CLANG_ENABLE_OBJC_ARC = YES;
				CLANG_ENABLE_OBJC_WEAK = YES;
				CLANG_WARN_BLOCK_CAPTURE_AUTORELEASING = YES;
				CLANG_WARN_BOOL_CONVERSION = YES;
				CLANG_WARN_COMMA = YES;
				CLANG_WARN_CONSTANT_CONVERSION = YES;
				CLANG_WARN_DEPRECATED_OBJC_IMPLEMENTATIONS = YES;
				CLANG_WARN_DIRECT_OBJC_ISA_USAGE = YES_ERROR;
				CLANG_WARN_DOCUMENTATION_COMMENTS = YES;
				CLANG_WARN_EMPTY_BODY = YES;
				CLANG_WARN_ENUM_CONVERSION = YES;
				CLANG_WARN_INFINITE_RECURSION = YES;
				CLANG_WARN_INT_CONVERSION = YES;
				CLANG_WARN_NON_LITERAL_NULL_CONVERSION = YES;
				CLANG_WARN_OBJC_IMPLICIT_RETAIN_SELF = YES;
				CLANG_WARN_OBJC_LITERAL_CONVERSION = YES;
				CLANG_WARN_OBJC_ROOT_CLASS = YES_ERROR;
				CLANG_WARN_QUOTED_INCLUDE_IN_FRAMEWORK_HEADER = YES;
				CLANG_WARN_RANGE_LOOP_ANALYSIS = YES;
				CLANG_WARN_STRICT_PROTOTYPES = YES;
				CLANG_WARN_SUSPICIOUS_MOVE = YES;
				CLANG_WARN_UNGUARDED_AVAILABILITY = YES_AGGRESSIVE;
				CLANG_WARN_UNREACHABLE_CODE = YES;
				CLANG_WARN__DUPLICATE_METHOD_MATCH = YES;
				COPY_PHASE_STRIP = NO;
				DEBUG_INFORMATION_FORMAT = dwarf;
				ENABLE_STRICT_OBJC_MSGSEND = YES;
				ENABLE_TESTABILITY = YES;
				ENABLE_USER_SCRIPT_SANDBOXING = NO;
				GCC_C_LANGUAGE_STANDARD = gnu17;
				GCC_DYNAMIC_NO_PIC = NO;
				GCC_NO_COMMON_BLOCKS = YES;
				GCC_OPTIMIZATION_LEVEL = 0;
				GCC_PREPROCESSOR_DEFINITIONS = (
					"DEBUG=1",
					"$(inherited)",
				);
				GCC_WARN_64_TO_32_BIT_CONVERSION = YES;
				GCC_WARN_ABOUT_RETURN_TYPE = YES_ERROR;
				GCC_WARN_UNDECLARED_SELECTOR = YES;
				GCC_WARN_UNINITIALIZED_AUTOS = YES_AGGRESSIVE;
				GCC_WARN_UNUSED_FUNCTION = YES;
				GCC_WARN_UNUSED_VARIABLE = YES;
				IPHONEOS_DEPLOYMENT_TARGET = 17.5;
				LOCALIZATION_PREFERS_STRING_CATALOGS = YES;
				MTL_ENABLE_DEBUG_INFO = INCLUDE_SOURCE;
				MTL_FAST_MATH = YES;
				ONLY_ACTIVE_ARCH = YES;
				SDKROOT = iphoneos;
			};
			name = Debug;
		};
		4B3D91C82C95C6AD00D85549 /* Release */ = {
			isa = XCBuildConfiguration;
			buildSettings = {
				ALWAYS_SEARCH_USER_PATHS = NO;
				ASSETCATALOG_COMPILER_GENERATE_SWIFT_ASSET_SYMBOL_EXTENSIONS = YES;
				CLANG_ANALYZER_LOCALIZABILITY_NONLOCALIZED = YES;
				CLANG_ANALYZER_NONNULL = YES;
				CLANG_ANALYZER_NUMBER_OBJECT_CONVERSION = YES_AGGRESSIVE;
				CLANG_CXX_LANGUAGE_STANDARD = "gnu++20";
				CLANG_ENABLE_MODULES = YES;
				CLANG_ENABLE_OBJC_ARC = YES;
				CLANG_ENABLE_OBJC_WEAK = YES;
				CLANG_WARN_BLOCK_CAPTURE_AUTORELEASING = YES;
				CLANG_WARN_BOOL_CONVERSION = YES;
				CLANG_WARN_COMMA = YES;
				CLANG_WARN_CONSTANT_CONVERSION = YES;
				CLANG_WARN_DEPRECATED_OBJC_IMPLEMENTATIONS = YES;
				CLANG_WARN_DIRECT_OBJC_ISA_USAGE = YES_ERROR;
				CLANG_WARN_DOCUMENTATION_COMMENTS = YES;
				CLANG_WARN_EMPTY_BODY = YES;
				CLANG_WARN_ENUM_CONVERSION = YES;
				CLANG_WARN_INFINITE_RECURSION = YES;
				CLANG_WARN_INT_CONVERSION = YES;
				CLANG_WARN_NON_LITERAL_NULL_CONVERSION = YES;
				CLANG_WARN_OBJC_IMPLICIT_RETAIN_SELF = YES;
				CLANG_WARN_OBJC_LITERAL_CONVERSION = YES;
				CLANG_WARN_OBJC_ROOT_CLASS = YES_ERROR;
				CLANG_WARN_QUOTED_INCLUDE_IN_FRAMEWORK_HEADER = YES;
				CLANG_WARN_RANGE_LOOP_ANALYSIS = YES;
				CLANG_WARN_STRICT_PROTOTYPES = YES;
				CLANG_WARN_SUSPICIOUS_MOVE = YES;
				CLANG_WARN_UNGUARDED_AVAILABILITY = YES_AGGRESSIVE;
				CLANG_WARN_UNREACHABLE_CODE = YES;
				CLANG_WARN__DUPLICATE_METHOD_MATCH = YES;
				COPY_PHASE_STRIP = NO;
				DEBUG_INFORMATION_FORMAT = "dwarf-with-dsym";
				ENABLE_NS_ASSERTIONS = NO;
				ENABLE_STRICT_OBJC_MSGSEND = YES;
				ENABLE_USER_SCRIPT_SANDBOXING = NO;
				GCC_C_LANGUAGE_STANDARD = gnu17;
				GCC_NO_COMMON_BLOCKS = YES;
				GCC_WARN_64_TO_32_BIT_CONVERSION = YES;
				GCC_WARN_ABOUT_RETURN_TYPE = YES_ERROR;
				GCC_WARN_UNDECLARED_SELECTOR = YES;
				GCC_WARN_UNINITIALIZED_AUTOS = YES_AGGRESSIVE;
				GCC_WARN_UNUSED_FUNCTION = YES;
				GCC_WARN_UNUSED_VARIABLE = YES;
				IPHONEOS_DEPLOYMENT_TARGET = 17.5;
				LOCALIZATION_PREFERS_STRING_CATALOGS = YES;
				MTL_ENABLE_DEBUG_INFO = NO;
				MTL_FAST_MATH = YES;
				SDKROOT = iphoneos;
				VALIDATE_PRODUCT = YES;
			};
			name = Release;
		};
		4B3D91CA2C95C6AD00D85549 /* Debug */ = {
			isa = XCBuildConfiguration;
			baseConfigurationReference = EE3A356ABF22AC872EB58369 /* Pods-AnimePlay.debug.xcconfig */;
			buildSettings = {
				ASSETCATALOG_COMPILER_APPICON_NAME = AppIcon;
				ASSETCATALOG_COMPILER_GLOBAL_ACCENT_COLOR_NAME = AccentColor;
				CODE_SIGN_STYLE = Automatic;
				CURRENT_PROJECT_VERSION = 1;
				GCC_PREFIX_HEADER = AnimePlay/AnimePrefixHeader.pch;
				GENERATE_INFOPLIST_FILE = YES;
				INFOPLIST_FILE = AnimePlay/Info.plist;
				INFOPLIST_KEY_UIApplicationSupportsIndirectInputEvents = YES;
				INFOPLIST_KEY_UILaunchStoryboardName = LaunchScreen;
				INFOPLIST_KEY_UIMainStoryboardFile = Main;
				INFOPLIST_KEY_UISupportedInterfaceOrientations_iPad = "UIInterfaceOrientationPortrait UIInterfaceOrientationPortraitUpsideDown UIInterfaceOrientationLandscapeLeft UIInterfaceOrientationLandscapeRight";
				INFOPLIST_KEY_UISupportedInterfaceOrientations_iPhone = "UIInterfaceOrientationPortrait UIInterfaceOrientationLandscapeLeft UIInterfaceOrientationLandscapeRight";
				IPHONEOS_DEPLOYMENT_TARGET = 12.0;
				LD_RUNPATH_SEARCH_PATHS = (
					"$(inherited)",
					"@executable_path/Frameworks",
				);
				MARKETING_VERSION = 1.0.0;
				PRODUCT_BUNDLE_IDENTIFIER = anim.com.play.AnimePlay;
				PRODUCT_NAME = "$(TARGET_NAME)";
				SWIFT_EMIT_LOC_STRINGS = YES;
				TARGETED_DEVICE_FAMILY = "1,2";
			};
			name = Debug;
		};
		4B3D91CB2C95C6AD00D85549 /* Release */ = {
			isa = XCBuildConfiguration;
			baseConfigurationReference = 8DC50FC8A021154DF8FA8BC6 /* Pods-AnimePlay.release.xcconfig */;
			buildSettings = {
				ASSETCATALOG_COMPILER_APPICON_NAME = AppIcon;
				ASSETCATALOG_COMPILER_GLOBAL_ACCENT_COLOR_NAME = AccentColor;
				CODE_SIGN_STYLE = Automatic;
				CURRENT_PROJECT_VERSION = 1;
				GCC_PREFIX_HEADER = AnimePlay/AnimePrefixHeader.pch;
				GENERATE_INFOPLIST_FILE = YES;
				INFOPLIST_FILE = AnimePlay/Info.plist;
				INFOPLIST_KEY_UIApplicationSupportsIndirectInputEvents = YES;
				INFOPLIST_KEY_UILaunchStoryboardName = LaunchScreen;
				INFOPLIST_KEY_UIMainStoryboardFile = Main;
				INFOPLIST_KEY_UISupportedInterfaceOrientations_iPad = "UIInterfaceOrientationPortrait UIInterfaceOrientationPortraitUpsideDown UIInterfaceOrientationLandscapeLeft UIInterfaceOrientationLandscapeRight";
				INFOPLIST_KEY_UISupportedInterfaceOrientations_iPhone = "UIInterfaceOrientationPortrait UIInterfaceOrientationLandscapeLeft UIInterfaceOrientationLandscapeRight";
				IPHONEOS_DEPLOYMENT_TARGET = 12.0;
				LD_RUNPATH_SEARCH_PATHS = (
					"$(inherited)",
					"@executable_path/Frameworks",
				);
				MARKETING_VERSION = 1.0.0;
				PRODUCT_BUNDLE_IDENTIFIER = anim.com.play.AnimePlay;
				PRODUCT_NAME = "$(TARGET_NAME)";
				SWIFT_EMIT_LOC_STRINGS = YES;
				TARGETED_DEVICE_FAMILY = "1,2";
			};
			name = Release;
		};
/* End XCBuildConfiguration section */

/* Begin XCConfigurationList section */
		4B3D91AB2C95C6AB00D85549 /* Build configuration list for PBXProject "AnimePlay" */ = {
			isa = XCConfigurationList;
			buildConfigurations = (
				4B3D91C72C95C6AD00D85549 /* Debug */,
				4B3D91C82C95C6AD00D85549 /* Release */,
			);
			defaultConfigurationIsVisible = 0;
			defaultConfigurationName = Release;
		};
		4B3D91C92C95C6AD00D85549 /* Build configuration list for PBXNativeTarget "AnimePlay" */ = {
			isa = XCConfigurationList;
			buildConfigurations = (
				4B3D91CA2C95C6AD00D85549 /* Debug */,
				4B3D91CB2C95C6AD00D85549 /* Release */,
			);
			defaultConfigurationIsVisible = 0;
			defaultConfigurationName = Release;
		};
/* End XCConfigurationList section */
	};
	rootObject = 4B3D91A82C95C6AB00D85549 /* Project object */;
}
